
Microsoft Visual Studio Solution File, Format Version 12.00
# Visual Studio Version 16
VisualStudioVersion = 16.0.30128.74
MinimumVisualStudioVersion = 10.0.40219.1
Project("{FAE04EC0-301F-11D3-BF4B-00C04F79EFBC}") = "VirtuelleBibliothek", "VirtuelleBibliothek\VirtuelleBibliothek.csproj", "{81428DF0-96EA-4490-B0BD-DC1CCAF31614}"
EndProject
Global
	GlobalSection(SolutionConfigurationPlatforms) = preSolution
		Debug|Any CPU = Debug|Any CPU
		Release|Any CPU = Release|Any CPU
	EndGlobalSection
	GlobalSection(ProjectConfigurationPlatforms) = postSolution
		{81428DF0-96EA-4490-B0BD-DC1CCAF31614}.Debug|Any CPU.ActiveCfg = Debug|Any CPU
		{81428DF0-96EA-4490-B0BD-DC1CCAF31614}.Debug|Any CPU.Build.0 = Debug|Any CPU
		{81428DF0-96EA-4490-B0BD-DC1CCAF31614}.Release|Any CPU.ActiveCfg = Release|Any CPU
		{81428DF0-96EA-4490-B0BD-DC1CCAF31614}.Release|Any CPU.Build.0 = Release|Any CPU
	EndGlobalSection
	GlobalSection(SolutionProperties) = preSolution
		HideSolutionNode = FALSE
	EndGlobalSection
	GlobalSection(ExtensibilityGlobals) = postSolution
		SolutionGuid = {BED27D4D-598C-4589-BDA8-93214353724A}
	EndGlobalSection
EndGlobal
